
Microsoft Visual Studio Solution File, Format Version 12.00
# Visual Studio Version 16
VisualStudioVersion = 16.0.31729.503
MinimumVisualStudioVersion = 10.0.40219.1
Project("{FAE04EC0-301F-11D3-BF4B-00C04F79EFBC}") = "特性", "特性\特性.csproj", "{C19407C9-C84C-43EB-A32B-98630F77CD01}"
EndProject
Global
	GlobalSection(SolutionConfigurationPlatforms) = preSolution
		Debug|Any CPU = Debug|Any CPU
		Release|Any CPU = Release|Any CPU
	EndGlobalSection
	GlobalSection(ProjectConfigurationPlatforms) = postSolution
		{C19407C9-C84C-43EB-A32B-98630F77CD01}.Debug|Any CPU.ActiveCfg = Debug|Any CPU
		{C19407C9-C84C-43EB-A32B-98630F77CD01}.Debug|Any CPU.Build.0 = Debug|Any CPU
		{C19407C9-C84C-43EB-A32B-98630F77CD01}.Release|Any CPU.ActiveCfg = Release|Any CPU
		{C19407C9-C84C-43EB-A32B-98630F77CD01}.Release|Any CPU.Build.0 = Release|Any CPU
	EndGlobalSection
	GlobalSection(SolutionProperties) = preSolution
		HideSolutionNode = FALSE
	EndGlobalSection
	GlobalSection(ExtensibilityGlobals) = postSolution
		SolutionGuid = {F980A42E-0FFE-4E53-A28F-9C2D873231A3}
	EndGlobalSection
EndGlobal
